// !$*UTF8*$!
{
	archiveVersion = 1;
	classes = {
	};
	objectVersion = 46;
	objects = {

/* Begin PBXBuildFile section */
		04118F3A1DE44E1D00E6F2BE /* main.m in Sources */ = {isa = PBXBuildFile; fileRef = 04118F391DE44E1D00E6F2BE /* main.m */; };
		04118F3D1DE44E1D00E6F2BE /* AppDelegate.m in Sources */ = {isa = PBXBuildFile; fileRef = 04118F3C1DE44E1D00E6F2BE /* AppDelegate.m */; };
		04118F401DE44E1D00E6F2BE /* ViewController.m in Sources */ = {isa = PBXBuildFile; fileRef = 04118F3F1DE44E1D00E6F2BE /* ViewController.m */; };
		04118F431DE44E1D00E6F2BE /* Main.storyboard in Resources */ = {isa = PBXBuildFile; fileRef = 04118F411DE44E1D00E6F2BE /* Main.storyboard */; };
		04118F451DE44E1D00E6F2BE /* Images.xcassets in Resources */ = {isa = PBXBuildFile; fileRef = 04118F441DE44E1D00E6F2BE /* Images.xcassets */; };
		04118F481DE44E1D00E6F2BE /* LaunchScreen.xib in Resources */ = {isa = PBXBuildFile; fileRef = 04118F461DE44E1D00E6F2BE /* LaunchScreen.xib */; };
		04118F541DE44E1D00E6F2BE /* dsafTests.m in Sources */ = {isa = PBXBuildFile; fileRef = 04118F531DE44E1D00E6F2BE /* dsafTests.m */; };
/* End PBXBuildFile section */

/* Begin PBXContainerItemProxy section */
		04118F4E1DE44E1D00E6F2BE /* PBXContainerItemProxy */ = {
			isa = PBXContainerItemProxy;
			containerPortal = 04118F2C1DE44E1C00E6F2BE /* Project object */;
			proxyType = 1;
			remoteGlobalIDString = 04118F331DE44E1D00E6F2BE;
			remoteInfo = dsaf;
		};
/* End PBXContainerItemProxy section */

/* Begin PBXFileReference section */
		04118F341DE44E1D00E6F2BE /* dsaf.app */ = {isa = PBXFileReference; explicitFileType = wrapper.application; includeInIndex = 0; path = dsaf.app; sourceTree = BUILT_PRODUCTS_DIR; };
		04118F381DE44E1D00E6F2BE /* Info.plist */ = {isa = PBXFileReference; lastKnownFileType = text.plist.xml; path = Info.plist; sourceTree = "<group>"; };
		04118F391DE44E1D00E6F2BE /* main.m */ = {isa = PBXFileReference; lastKnownFileType = sourcecode.c.objc; path = main.m; sourceTree = "<group>"; };
		04118F3B1DE44E1D00E6F2BE /* AppDelegate.h */ = {isa = PBXFileReference; lastKnownFileType = sourcecode.c.h; path = AppDelegate.h; sourceTree = "<group>"; };
		04118F3C1DE44E1D00E6F2BE /* AppDelegate.m */ = {isa = PBXFileReference; lastKnownFileType = sourcecode.c.objc; path = AppDelegate.m; sourceTree = "<group>"; };
		04118F3E1DE44E1D00E6F2BE /* ViewController.h */ = {isa = PBXFileReference; lastKnownFileType = sourcecode.c.h; path = ViewController.h; sourceTree = "<group>"; };
		04118F3F1DE44E1D00E6F2BE /* ViewController.m */ = {isa = PBXFileReference; lastKnownFileType = sourcecode.c.objc; path = ViewController.m; sourceTree = "<group>"; };
		04118F421DE44E1D00E6F2BE /* Base */ = {isa = PBXFileReference; lastKnownFileType = file.storyboard; name = Base; path = Base.lproj/Main.storyboard; sourceTree = "<group>"; };
		04118F441DE44E1D00E6F2BE /* Images.xcassets */ = {isa = PBXFileReference; lastKnownFileType = folder.assetcatalog; path = Images.xcassets; sourceTree = "<group>"; };
		04118F471DE44E1D00E6F2BE /* Base */ = {isa = PBXFileReference; lastKnownFileType = file.xib; name = Base; path = Base.lproj/LaunchScreen.xib; sourceTree = "<group>"; };
		04118F4D1DE44E1D00E6F2BE /* dsafTests.xctest */ = {isa = PBXFileReference; explicitFileType = wrapper.cfbundle; includeInIndex = 0; path = dsafTests.xctest; sourceTree = BUILT_PRODUCTS_DIR; };
		04118F521DE44E1D00E6F2BE /* Info.plist */ = {isa = PBXFileReference; lastKnownFileType = text.plist.xml; path = Info.plist; sourceTree = "<group>"; };
		04118F531DE44E1D00E6F2BE /* dsafTests.m */ = {isa = PBXFileReference; lastKnownFileType = sourcecode.c.objc; path = dsafTests.m; sourceTree = "<group>"; };
/* End PBXFileReference section */

/* Begin PBXFrameworksBuildPhase section */
		04118F311DE44E1D00E6F2BE /* Frameworks */ = {
			isa = PBXFrameworksBuildPhase;
			buildActionMask = 2147483647;
			files = (
			);
			runOnlyForDeploymentPostprocessing = 0;
		};
		04118F4A1DE44E1D00E6F2BE /* Frameworks */ = {
			isa = PBXFrameworksBuildPhase;
			buildActionMask = 2147483647;
			files = (
			);
			runOnlyForDeploymentPostprocessing = 0;
		};
/* End PBXFrameworksBuildPhase section */

/* Begin PBXGroup section */
		04118F2B1DE44E1C00E6F2BE = {
			isa = PBXGroup;
			children = (
				04118F361DE44E1D00E6F2BE /* dsaf */,
				04118F501DE44E1D00E6F2BE /* dsafTests */,
				04118F351DE44E1D00E6F2BE /* Products */,
			);
			sourceTree = "<group>";
		};
		04118F351DE44E1D00E6F2BE /* Products */ = {
			isa = PBXGroup;
			children = (
				04118F341DE44E1D00E6F2BE /* dsaf.app */,
				04118F4D1DE44E1D00E6F2BE /* dsafTests.xctest */,
			);
			name = Products;
			sourceTree = "<group>";
		};
		04118F361DE44E1D00E6F2BE /* dsaf */ = {
			isa = PBXGroup;
			children = (
				04118F3B1DE44E1D00E6F2BE /* AppDelegate.h */,
				04118F3C1DE44E1D00E6F2BE /* AppDelegate.m */,
				04118F3E1DE44E1D00E6F2BE /* ViewController.h */,
				04118F3F1DE44E1D00E6F2BE /* ViewController.m */,
				04118F411DE44E1D00E6F2BE /* Main.storyboard */,
				04118F441DE44E1D00E6F2BE /* Images.xcassets */,
				04118F461DE44E1D00E6F2BE /* LaunchScreen.xib */,
				04118F371DE44E1D00E6F2BE /* Supporting Files */,
			);
			path = dsaf;
			sourceTree = "<group>";
		};
		04118F371DE44E1D00E6F2BE /* Supporting Files */ = {
			isa = PBXGroup;
			children = (
				04118F381DE44E1D00E6F2BE /* Info.plist */,
				04118F391DE44E1D00E6F2BE /* main.m */,
			);
			name = "Supporting Files";
			sourceTree = "<group>";
		};
		04118F501DE44E1D00E6F2BE /* dsafTests */ = {
			isa = PBXGroup;
			children = (
				04118F531DE44E1D00E6F2BE /* dsafTests.m */,
				04118F511DE44E1D00E6F2BE /* Supporting Files */,
			);
			path = dsafTests;
			sourceTree = "<group>";
		};
		04118F511DE44E1D00E6F2BE /* Supporting Files */ = {
			isa = PBXGroup;
			children = (
				04118F521DE44E1D00E6F2BE /* Info.plist */,
			);
			name = "Supporting Files";
			sourceTree = "<group>";
		};
/* End PBXGroup section */

/* Begin PBXNativeTarget section */
		04118F331DE44E1D00E6F2BE /* dsaf */ = {
			isa = PBXNativeTarget;
			buildConfigurationList = 04118F571DE44E1D00E6F2BE /* Build configuration list for PBXNativeTarget "dsaf" */;
			buildPhases = (
				04118F301DE44E1D00E6F2BE /* Sources */,
				04118F311DE44E1D00E6F2BE /* Frameworks */,
				04118F321DE44E1D00E6F2BE /* Resources */,
			);
			buildRules = (
			);
			dependencies = (
			);
			name = dsaf;
			productName = dsaf;
			productReference = 04118F341DE44E1D00E6F2BE /* dsaf.app */;
			productType = "com.apple.product-type.application";
		};
		04118F4C1DE44E1D00E6F2BE /* dsafTests */ = {
			isa = PBXNativeTarget;
			buildConfigurationList = 04118F5A1DE44E1D00E6F2BE /* Build configuration list for PBXNativeTarget "dsafTests" */;
			buildPhases = (
				04118F491DE44E1D00E6F2BE /* Sources */,
				04118F4A1DE44E1D00E6F2BE /* Frameworks */,
				04118F4B1DE44E1D00E6F2BE /* Resources */,
			);
			buildRules = (
			);
			dependencies = (
				04118F4F1DE44E1D00E6F2BE /* PBXTargetDependency */,
			);
			name = dsafTests;
			productName = dsafTests;
			productReference = 04118F4D1DE44E1D00E6F2BE /* dsafTests.xctest */;
			productType = "com.apple.product-type.bundle.unit-test";
		};
/* End PBXNativeTarget section */

/* Begin PBXProject section */
		04118F2C1DE44E1C00E6F2BE /* Project object */ = {
			isa = PBXProject;
			attributes = {
				LastUpgradeCheck = 0610;
				ORGANIZATIONNAME = mac;
				TargetAttributes = {
					04118F331DE44E1D00E6F2BE = {
						CreatedOnToolsVersion = 6.1;
					};
					04118F4C1DE44E1D00E6F2BE = {
						CreatedOnToolsVersion = 6.1;
						TestTargetID = 04118F331DE44E1D00E6F2BE;
					};
				};
			};
			buildConfigurationList = 04118F2F1DE44E1D00E6F2BE /* Build configuration list for PBXProject "dsaf" */;
			compatibilityVersion = "Xcode 3.2";
			developmentRegion = English;
			hasScannedForEncodings = 0;
			knownRegions = (
				en,
				Base,
			);
			mainGroup = 04118F2B1DE44E1C00E6F2BE;
			productRefGroup = 04118F351DE44E1D00E6F2BE /* Products */;
			projectDirPath = "";
			projectRoot = "";
			targets = (
				04118F331DE44E1D00E6F2BE /* dsaf */,
				04118F4C1DE44E1D00E6F2BE /* dsafTests */,
			);
		};
/* End PBXProject section */

/* Begin PBXResourcesBuildPhase section */
		04118F321DE44E1D00E6F2BE /* Resources */ = {
			isa = PBXResourcesBuildPhase;
			buildActionMask = 2147483647;
			files = (
				04118F431DE44E1D00E6F2BE /* Main.storyboard in Resources */,
				04118F481DE44E1D00E6F2BE /* LaunchScreen.xib in Resources */,
				04118F451DE44E1D00E6F2BE /* Images.xcassets in Resources */,
			);
			runOnlyForDeploymentPostprocessing = 0;
		};
		04118F4B1DE44E1D00E6F2BE /* Resources */ = {
			isa = PBXResourcesBuildPhase;
			buildActionMask = 2147483647;
			files = (
			);
			runOnlyForDeploymentPostprocessing = 0;
		};
/* End PBXResourcesBuildPhase section */

/* Begin PBXSourcesBuildPhase section */
		04118F301DE44E1D00E6F2BE /* Sources */ = {
			isa = PBXSourcesBuildPhase;
			buildActionMask = 2147483647;
			files = (
				04118F401DE44E1D00E6F2BE /* ViewController.m in Sources */,
				04118F3D1DE44E1D00E6F2BE /* AppDelegate.m in Sources */,
				04118F3A1DE44E1D00E6F2BE /* main.m in Sources */,
			);
			runOnlyForDeploymentPostprocessing = 0;
		};
		04118F491DE44E1D00E6F2BE /* Sources */ = {
			isa = PBXSourcesBuildPhase;
			buildActionMask = 2147483647;
			files = (
				04118F541DE44E1D00E6F2BE /* dsafTests.m in Sources */,
			);
			runOnlyForDeploymentPostprocessing = 0;
		};
/* End PBXSourcesBuildPhase section */

/* Begin PBXTargetDependency section */
		04118F4F1DE44E1D00E6F2BE /* PBXTargetDependency */ = {
			isa = PBXTargetDependency;
			target = 04118F331DE44E1D00E6F2BE /* dsaf */;
			targetProxy = 04118F4E1DE44E1D00E6F2BE /* PBXContainerItemProxy */;
		};
/* End PBXTargetDependency section */

/* Begin PBXVariantGroup section */
		04118F411DE44E1D00E6F2BE /* Main.storyboard */ = {
			isa = PBXVariantGroup;
			children = (
				04118F421DE44E1D00E6F2BE /* Base */,
			);
			name = Main.storyboard;
			sourceTree = "<group>";
		};
		04118F461DE44E1D00E6F2BE /* LaunchScreen.xib */ = {
			isa = PBXVariantGroup;
			children = (
				04118F471DE44E1D00E6F2BE /* Base */,
			);
			name = LaunchScreen.xib;
			sourceTree = "<group>";
		};
/* End PBXVariantGroup section */

/* Begin XCBuildConfiguration section */
		04118F551DE44E1D00E6F2BE /* Debug */ = {
			isa = XCBuildConfiguration;
			buildSettings = {
				ALWAYS_SEARCH_USER_PATHS = NO;
				CLANG_CXX_LANGUAGE_STANDARD = "gnu++0x";
				CLANG_CXX_LIBRARY = "libc++";
				CLANG_ENABLE_MODULES = YES;
				CLANG_ENABLE_OBJC_ARC = YES;
				CLANG_WARN_BOOL_CONVERSION = YES;
				CLANG_WARN_CONSTANT_CONVERSION = YES;
				CLANG_WARN_DIRECT_OBJC_ISA_USAGE = YES_ERROR;
				CLANG_WARN_EMPTY_BODY = YES;
				CLANG_WARN_ENUM_CONVERSION = YES;
				CLANG_WARN_INT_CONVERSION = YES;
				CLANG_WARN_OBJC_ROOT_CLASS = YES_ERROR;
				CLANG_WARN_UNREACHABLE_CODE = YES;
				CLANG_WARN__DUPLICATE_METHOD_MATCH = YES;
				"CODE_SIGN_IDENTITY[sdk=iphoneos*]" = "iPhone Developer";
				COPY_PHASE_STRIP = NO;
				ENABLE_STRICT_OBJC_MSGSEND = YES;
				GCC_C_LANGUAGE_STANDARD = gnu99;
				GCC_DYNAMIC_NO_PIC = NO;
				GCC_OPTIMIZATION_LEVEL = 0;
				GCC_PREPROCESSOR_DEFINITIONS = (
					"DEBUG=1",
					"$(inherited)",
				);
				GCC_SYMBOLS_PRIVATE_EXTERN = NO;
				GCC_WARN_64_TO_32_BIT_CONVERSION = YES;
				GCC_WARN_ABOUT_RETURN_TYPE = YES_ERROR;
				GCC_WARN_UNDECLARED_SELECTOR = YES;
				GCC_WARN_UNINITIALIZED_AUTOS = YES_AGGRESSIVE;
				GCC_WARN_UNUSED_FUNCTION = YES;
				GCC_WARN_UNUSED_VARIABLE = YES;
				IPHONEOS_DEPLOYMENT_TARGET = 8.1;
				MTL_ENABLE_DEBUG_INFO = YES;
				ONLY_ACTIVE_ARCH = YES;
				SDKROOT = iphoneos;
				TARGETED_DEVICE_FAMILY = "1,2";
			};
			name = Debug;
		};
		04118F561DE44E1D00E6F2BE /* Release */ = {
			isa = XCBuildConfiguration;
			buildSettings = {
				ALWAYS_SEARCH_USER_PATHS = NO;
				CLANG_CXX_LANGUAGE_STANDARD = "gnu++0x";
				CLANG_CXX_LIBRARY = "libc++";
				CLANG_ENABLE_MODULES = YES;
				CLANG_ENABLE_OBJC_ARC = YES;
				CLANG_WARN_BOOL_CONVERSION = YES;
				CLANG_WARN_CONSTANT_CONVERSION = YES;
				CLANG_WARN_DIRECT_OBJC_ISA_USAGE = YES_ERROR;
				CLANG_WARN_EMPTY_BODY = YES;
				CLANG_WARN_ENUM_CONVERSION = YES;
				CLANG_WARN_INT_CONVERSION = YES;
				CLANG_WARN_OBJC_ROOT_CLASS = YES_ERROR;
				CLANG_WARN_UNREACHABLE_CODE = YES;
				CLANG_WARN__DUPLICATE_METHOD_MATCH = YES;
				"CODE_SIGN_IDENTITY[sdk=iphoneos*]" = "iPhone Developer";
				COPY_PHASE_STRIP = YES;
				ENABLE_NS_ASSERTIONS = NO;
				ENABLE_STRICT_OBJC_MSGSEND = YES;
				GCC_C_LANGUAGE_STANDARD = gnu99;
				GCC_WARN_64_TO_32_BIT_CONVERSION = YES;
				GCC_WARN_ABOUT_RETURN_TYPE = YES_ERROR;
				GCC_WARN_UNDECLARED_SELECTOR = YES;
				GCC_WARN_UNINITIALIZED_AUTOS = YES_AGGRESSIVE;
				GCC_WARN_UNUSED_FUNCTION = YES;
				GCC_WARN_UNUSED_VARIABLE = YES;
				IPHONEOS_DEPLOYMENT_TARGET = 8.1;
				MTL_ENABLE_DEBUG_INFO = NO;
				SDKROOT = iphoneos;
				TARGETED_DEVICE_FAMILY = "1,2";
				VALIDATE_PRODUCT = YES;
			};
			name = Release;
		};
		04118F581DE44E1D00E6F2BE /* Debug */ = {
			isa = XCBuildConfiguration;
			buildSettings = {
				ASSETCATALOG_COMPILER_APPICON_NAME = AppIcon;
				INFOPLIST_FILE = dsaf/Info.plist;
				LD_RUNPATH_SEARCH_PATHS = "$(inherited) @executable_path/Frameworks";
				PRODUCT_NAME = "$(TARGET_NAME)";
			};
			name = Debug;
		};
		04118F591DE44E1D00E6F2BE /* Release */ = {
			isa = XCBuildConfiguration;
			buildSettings = {
				ASSETCATALOG_COMPILER_APPICON_NAME = AppIcon;
				INFOPLIST_FILE = dsaf/Info.plist;
				LD_RUNPATH_SEARCH_PATHS = "$(inherited) @executable_path/Frameworks";
				PRODUCT_NAME = "$(TARGET_NAME)";
			};
			name = Release;
		};
		04118F5B1DE44E1D00E6F2BE /* Debug */ = {
			isa = XCBuildConfiguration;
			buildSettings = {
				BUNDLE_LOADER = "$(TEST_HOST)";
				FRAMEWORK_SEARCH_PATHS = (
					"$(SDKROOT)/Developer/Library/Frameworks",
					"$(inherited)",
				);
				GCC_PREPROCESSOR_DEFINITIONS = (
					"DEBUG=1",
					"$(inherited)",
				);
				INFOPLIST_FILE = dsafTests/Info.plist;
				LD_RUNPATH_SEARCH_PATHS = "$(inherited) @executable_path/Frameworks @loader_path/Frameworks";
				PRODUCT_NAME = "$(TARGET_NAME)";
				TEST_HOST = "$(BUILT_PRODUCTS_DIR)/dsaf.app/dsaf";
			};
			name = Debug;
		};
		04118F5C1DE44E1D00E6F2BE /* Release */ = {
			isa = XCBuildConfiguration;
			buildSettings = {
				BUNDLE_LOADER = "$(TEST_HOST)";
				FRAMEWORK_SEARCH_PATHS = (
					"$(SDKROOT)/Developer/Library/Frameworks",
					"$(inherited)",
				);
				INFOPLIST_FILE = dsafTests/Info.plist;
				LD_RUNPATH_SEARCH_PATHS = "$(inherited) @executable_path/Frameworks @loader_path/Frameworks";
				PRODUCT_NAME = "$(TARGET_NAME)";
				TEST_HOST = "$(BUILT_PRODUCTS_DIR)/dsaf.app/dsaf";
			};
			name = Release;
		};
/* End XCBuildConfiguration section */

/* Begin XCConfigurationList section */
		04118F2F1DE44E1D00E6F2BE /* Build configuration list for PBXProject "dsaf" */ = {
			isa = XCConfigurationList;
			buildConfigurations = (
				04118F551DE44E1D00E6F2BE /* Debug */,
				04118F561DE44E1D00E6F2BE /* Release */,
			);
			defaultConfigurationIsVisible = 0;
			defaultConfigurationName = Release;
		};
		04118F571DE44E1D00E6F2BE /* Build configuration list for PBXNativeTarget "dsaf" */ = {
			isa = XCConfigurationList;
			buildConfigurations = (
				04118F581DE44E1D00E6F2BE /* Debug */,
				04118F591DE44E1D00E6F2BE /* Release */,
			);
			defaultConfigurationIsVisible = 0;
		};
		04118F5A1DE44E1D00E6F2BE /* Build configuration list for PBXNativeTarget "dsafTests" */ = {
			isa = XCConfigurationList;
			buildConfigurations = (
				04118F5B1DE44E1D00E6F2BE /* Debug */,
				04118F5C1DE44E1D00E6F2BE /* Release */,
			);
			defaultConfigurationIsVisible = 0;
		};
/* End XCConfigurationList section */
	};
	rootObject = 04118F2C1DE44E1C00E6F2BE /* Project object */;
}
